Microsoft Visual Studio Solution File, Format Version 12.00
# Visual Studio Version 17
VisualStudioVersion = 17.5.2.0
MinimumVisualStudioVersion = 10.0.40219.1
Project("{2150E333-8FDC-42A3-9474-1A3956D46DE8}") = "Classes_M1", "Classes_M1", "{AE7C2E65-DE4F-DA06-D8DE-FDD94944109A}"
EndProject
Project("{2150E333-8FDC-42A3-9474-1A3956D46DE8}") = "Classes_M2", "Classes_M2", "{089D3124-BAC6-0F68-6FF5-969CFDE3DF41}"
EndProject
Project("{2150E333-8FDC-42A3-9474-1A3956D46DE8}") = "Classes_M3", "Classes_M3", "{44914647-09A3-10AC-2882-1FEDB143888C}"
EndProject
Project("{2150E333-8FDC-42A3-9474-1A3956D46DE8}") = "Solution", "Solution", "{719A48E7-F55E-35C9-2A12-36B326D501A3}"
EndProject
Project("{FAE04EC0-301F-11D3-BF4B-00C04F79EFBC}") = "Classes_M1", "Classes_M1\Solution\Classes_M1.csproj", "{C9FA618C-E0D0-1B34-BA36-5DF46C97BB50}"
EndProject
Project("{2150E333-8FDC-42A3-9474-1A3956D46DE8}") = "Solution", "Solution", "{705371F6-E1C5-784B-0090-D9E6B028DA9E}"
EndProject
Project("{FAE04EC0-301F-11D3-BF4B-00C04F79EFBC}") = "Classes_M2", "Classes_M2\Solution\Classes_M2.csproj", "{60DC3264-8117-79BB-A11E-AD4CE858F76D}"
EndProject
Project("{2150E333-8FDC-42A3-9474-1A3956D46DE8}") = "Starter", "Starter", "{0651AB1F-357F-A6C4-49C6-205BF1086C24}"
EndProject
Project("{FAE04EC0-301F-11D3-BF4B-00C04F79EFBC}") = "Classes_M2", "Classes_M2\Starter\Classes_M2.csproj", "{EA55A0BA-5EC2-56D4-37DA-3BE038CD215E}"
EndProject
Project("{2150E333-8FDC-42A3-9474-1A3956D46DE8}") = "Solution", "Solution", "{5EB36403-5B85-9A10-40FD-68979426763D}"
EndProject
Project("{FAE04EC0-301F-11D3-BF4B-00C04F79EFBC}") = "Classes_M3", "Classes_M3\Solution\Classes_M3.csproj", "{DD9638BB-5D99-C8EB-B4B4-8AF2A1AE9064}"
EndProject
Project("{2150E333-8FDC-42A3-9474-1A3956D46DE8}") = "Starter", "Starter", "{6D5F3F03-B8E0-C5CC-39AE-E8A2576EF1D1}"
EndProject
Project("{FAE04EC0-301F-11D3-BF4B-00C04F79EFBC}") = "Classes_M3", "Classes_M3\Starter\Classes_M3.csproj", "{50B5AB2C-CEDA-7692-6063-2478F6CC6BAB}"
EndProject
Global
	GlobalSection(SolutionConfigurationPlatforms) = preSolution
		Debug|Any CPU = Debug|Any CPU
		Release|Any CPU = Release|Any CPU
	EndGlobalSection
	GlobalSection(ProjectConfigurationPlatforms) = postSolution
		{C9FA618C-E0D0-1B34-BA36-5DF46C97BB50}.Debug|Any CPU.ActiveCfg = Debug|Any CPU
		{C9FA618C-E0D0-1B34-BA36-5DF46C97BB50}.Debug|Any CPU.Build.0 = Debug|Any CPU
		{C9FA618C-E0D0-1B34-BA36-5DF46C97BB50}.Release|Any CPU.ActiveCfg = Release|Any CPU
		{C9FA618C-E0D0-1B34-BA36-5DF46C97BB50}.Release|Any CPU.Build.0 = Release|Any CPU
		{60DC3264-8117-79BB-A11E-AD4CE858F76D}.Debug|Any CPU.ActiveCfg = Debug|Any CPU
		{60DC3264-8117-79BB-A11E-AD4CE858F76D}.Debug|Any CPU.Build.0 = Debug|Any CPU
		{60DC3264-8117-79BB-A11E-AD4CE858F76D}.Release|Any CPU.ActiveCfg = Release|Any CPU
		{60DC3264-8117-79BB-A11E-AD4CE858F76D}.Release|Any CPU.Build.0 = Release|Any CPU
		{EA55A0BA-5EC2-56D4-37DA-3BE038CD215E}.Debug|Any CPU.ActiveCfg = Debug|Any CPU
		{EA55A0BA-5EC2-56D4-37DA-3BE038CD215E}.Debug|Any CPU.Build.0 = Debug|Any CPU
		{EA55A0BA-5EC2-56D4-37DA-3BE038CD215E}.Release|Any CPU.ActiveCfg = Release|Any CPU
		{EA55A0BA-5EC2-56D4-37DA-3BE038CD215E}.Release|Any CPU.Build.0 = Release|Any CPU
		{DD9638BB-5D99-C8EB-B4B4-8AF2A1AE9064}.Debug|Any CPU.ActiveCfg = Debug|Any CPU
		{DD9638BB-5D99-C8EB-B4B4-8AF2A1AE9064}.Debug|Any CPU.Build.0 = Debug|Any CPU
		{DD9638BB-5D99-C8EB-B4B4-8AF2A1AE9064}.Release|Any CPU.ActiveCfg = Release|Any CPU
		{DD9638BB-5D99-C8EB-B4B4-8AF2A1AE9064}.Release|Any CPU.Build.0 = Release|Any CPU
		{50B5AB2C-CEDA-7692-6063-2478F6CC6BAB}.Debug|Any CPU.ActiveCfg = Debug|Any CPU
		{50B5AB2C-CEDA-7692-6063-2478F6CC6BAB}.Debug|Any CPU.Build.0 = Debug|Any CPU
		{50B5AB2C-CEDA-7692-6063-2478F6CC6BAB}.Release|Any CPU.ActiveCfg = Release|Any CPU
		{50B5AB2C-CEDA-7692-6063-2478F6CC6BAB}.Release|Any CPU.Build.0 = Release|Any CPU
	EndGlobalSection
	GlobalSection(SolutionProperties) = preSolution
		HideSolutionNode = FALSE
	EndGlobalSection
	GlobalSection(NestedProjects) = preSolution
		{719A48E7-F55E-35C9-2A12-36B326D501A3} = {AE7C2E65-DE4F-DA06-D8DE-FDD94944109A}
		{C9FA618C-E0D0-1B34-BA36-5DF46C97BB50} = {719A48E7-F55E-35C9-2A12-36B326D501A3}
		{705371F6-E1C5-784B-0090-D9E6B028DA9E} = {089D3124-BAC6-0F68-6FF5-969CFDE3DF41}
		{60DC3264-8117-79BB-A11E-AD4CE858F76D} = {705371F6-E1C5-784B-0090-D9E6B028DA9E}
		{0651AB1F-357F-A6C4-49C6-205BF1086C24} = {089D3124-BAC6-0F68-6FF5-969CFDE3DF41}
		{EA55A0BA-5EC2-56D4-37DA-3BE038CD215E} = {0651AB1F-357F-A6C4-49C6-205BF1086C24}
		{5EB36403-5B85-9A10-40FD-68979426763D} = {44914647-09A3-10AC-2882-1FEDB143888C}
		{DD9638BB-5D99-C8EB-B4B4-8AF2A1AE9064} = {5EB36403-5B85-9A10-40FD-68979426763D}
		{6D5F3F03-B8E0-C5CC-39AE-E8A2576EF1D1} = {44914647-09A3-10AC-2882-1FEDB143888C}
		{50B5AB2C-CEDA-7692-6063-2478F6CC6BAB} = {6D5F3F03-B8E0-C5CC-39AE-E8A2576EF1D1}
	EndGlobalSection
	GlobalSection(ExtensibilityGlobals) = postSolution
		SolutionGuid = {14F6C451-0532-41E6-BCA8-3FDF0C172B39}
	EndGlobalSection
EndGlobal
